// !$*UTF8*$!
{
	archiveVersion = 1;
	classes = {
	};
	objectVersion = 56;
	objects = {

/* Begin PBXBuildFile section */
		6EF4EB972B67B2F9009C6561 /* SerieFlixApp.swift in Sources */ = {isa = PBXBuildFile; fileRef = 6EF4EB962B67B2F9009C6561 /* SerieFlixApp.swift */; };
		6EF4EB992B67B2F9009C6561 /* ContentView.swift in Sources */ = {isa = PBXBuildFile; fileRef = 6EF4EB982B67B2F9009C6561 /* ContentView.swift */; };
		6EF4EB9B2B67B2FB009C6561 /* Assets.xcassets in Resources */ = {isa = PBXBuildFile; fileRef = 6EF4EB9A2B67B2FB009C6561 /* Assets.xcassets */; };
		6EF4EB9E2B67B2FB009C6561 /* Preview Assets.xcassets in Resources */ = {isa = PBXBuildFile; fileRef = 6EF4EB9D2B67B2FB009C6561 /* Preview Assets.xcassets */; };
		6EF4EBA52B67B36B009C6561 /* ColorExtension.swift in Sources */ = {isa = PBXBuildFile; fileRef = 6EF4EBA42B67B36B009C6561 /* ColorExtension.swift */; };
		6EF4EBA72B67B3B7009C6561 /* Color.xcassets in Resources */ = {isa = PBXBuildFile; fileRef = 6EF4EBA62B67B3B7009C6561 /* Color.xcassets */; };
		6EF4EBA92B67B79E009C6561 /* DateExtension.swift in Sources */ = {isa = PBXBuildFile; fileRef = 6EF4EBA82B67B79E009C6561 /* DateExtension.swift */; };
		6EF4EBAB2B67BFEE009C6561 /* Movie.swift in Sources */ = {isa = PBXBuildFile; fileRef = 6EF4EBAA2B67BFEE009C6561 /* Movie.swift */; };
		6EF4EBAD2B67C084009C6561 /* MovieCell.swift in Sources */ = {isa = PBXBuildFile; fileRef = 6EF4EBAC2B67C083009C6561 /* MovieCell.swift */; };
		6EF4EBAF2B67D416009C6561 /* CategoryListView.swift in Sources */ = {isa = PBXBuildFile; fileRef = 6EF4EBAE2B67D416009C6561 /* CategoryListView.swift */; };
		6EF4EBB12B67DE7E009C6561 /* MovieDBFetcher.swift in Sources */ = {isa = PBXBuildFile; fileRef = 6EF4EBB02B67DE7E009C6561 /* MovieDBFetcher.swift */; };
		6EF4EBB32B67EDB6009C6561 /* RestMovie.swift in Sources */ = {isa = PBXBuildFile; fileRef = 6EF4EBB22B67EDB6009C6561 /* RestMovie.swift */; };
		6EF4EBB52B67EE59009C6561 /* RestPopularMoviesResult.swift in Sources */ = {isa = PBXBuildFile; fileRef = 6EF4EBB42B67EE59009C6561 /* RestPopularMoviesResult.swift */; };
		6EF4EBB72B67F031009C6561 /* MovieMapper.swift in Sources */ = {isa = PBXBuildFile; fileRef = 6EF4EBB62B67F031009C6561 /* MovieMapper.swift */; };
		6EF4EBB92B6926B0009C6561 /* RatingView.swift in Sources */ = {isa = PBXBuildFile; fileRef = 6EF4EBB82B6926B0009C6561 /* RatingView.swift */; };
		6EF4EBBB2B69315A009C6561 /* MovieDetailView.swift in Sources */ = {isa = PBXBuildFile; fileRef = 6EF4EBBA2B69315A009C6561 /* MovieDetailView.swift */; };
		6EF4EBBF2B6A491C009C6561 /* GenrePill.swift in Sources */ = {isa = PBXBuildFile; fileRef = 6EF4EBBE2B6A491C009C6561 /* GenrePill.swift */; };
		6EF4EBC12B6A4BE1009C6561 /* RestGenre.swift in Sources */ = {isa = PBXBuildFile; fileRef = 6EF4EBC02B6A4BE1009C6561 /* RestGenre.swift */; };
		6EF4EBC32B6A4C07009C6561 /* RestMovieDetails.swift in Sources */ = {isa = PBXBuildFile; fileRef = 6EF4EBC22B6A4C07009C6561 /* RestMovieDetails.swift */; };
		6EF4EBC52B6A56D4009C6561 /* Actor.swift in Sources */ = {isa = PBXBuildFile; fileRef = 6EF4EBC42B6A56D4009C6561 /* Actor.swift */; };
		6EF4EBC72B6A5794009C6561 /* ActorCell.swift in Sources */ = {isa = PBXBuildFile; fileRef = 6EF4EBC62B6A5794009C6561 /* ActorCell.swift */; };
		6EF4EBC92B6A593C009C6561 /* RestActor.swift in Sources */ = {isa = PBXBuildFile; fileRef = 6EF4EBC82B6A593C009C6561 /* RestActor.swift */; };
		6EF4EBCB2B6A596F009C6561 /* RestCredits.swift in Sources */ = {isa = PBXBuildFile; fileRef = 6EF4EBCA2B6A596F009C6561 /* RestCredits.swift */; };
		6EF4EBCD2B6A5B79009C6561 /* ActorMapper.swift in Sources */ = {isa = PBXBuildFile; fileRef = 6EF4EBCC2B6A5B79009C6561 /* ActorMapper.swift */; };
		6EF4EBCF2B6A6DD3009C6561 /* MovieCover.swift in Sources */ = {isa = PBXBuildFile; fileRef = 6EF4EBCE2B6A6DD3009C6561 /* MovieCover.swift */; };
		6EF4EBD12B6A75CE009C6561 /* CustomCircleButton.swift in Sources */ = {isa = PBXBuildFile; fileRef = 6EF4EBD02B6A75CE009C6561 /* CustomCircleButton.swift */; };
		6EF4EBD32B6A7FA7009C6561 /* UserData.swift in Sources */ = {isa = PBXBuildFile; fileRef = 6EF4EBD22B6A7FA7009C6561 /* UserData.swift */; };
/* End PBXBuildFile section */

/* Begin PBXFileReference section */
		6EF4EB932B67B2F9009C6561 /* SerieFlix.app */ = {isa = PBXFileReference; explicitFileType = wrapper.application; includeInIndex = 0; path = SerieFlix.app; sourceTree = BUILT_PRODUCTS_DIR; };
		6EF4EB962B67B2F9009C6561 /* SerieFlixApp.swift */ = {isa = PBXFileReference; lastKnownFileType = sourcecode.swift; path = SerieFlixApp.swift; sourceTree = "<group>"; };
		6EF4EB982B67B2F9009C6561 /* ContentView.swift */ = {isa = PBXFileReference; lastKnownFileType = sourcecode.swift; path = ContentView.swift; sourceTree = "<group>"; };
		6EF4EB9A2B67B2FB009C6561 /* Assets.xcassets */ = {isa = PBXFileReference; lastKnownFileType = folder.assetcatalog; path = Assets.xcassets; sourceTree = "<group>"; };
		6EF4EB9D2B67B2FB009C6561 /* Preview Assets.xcassets */ = {isa = PBXFileReference; lastKnownFileType = folder.assetcatalog; path = "Preview Assets.xcassets"; sourceTree = "<group>"; };
		6EF4EBA42B67B36B009C6561 /* ColorExtension.swift */ = {isa = PBXFileReference; lastKnownFileType = sourcecode.swift; path = ColorExtension.swift; sourceTree = "<group>"; };
		6EF4EBA62B67B3B7009C6561 /* Color.xcassets */ = {isa = PBXFileReference; lastKnownFileType = folder.assetcatalog; path = Color.xcassets; sourceTree = "<group>"; };
		6EF4EBA82B67B79E009C6561 /* DateExtension.swift */ = {isa = PBXFileReference; lastKnownFileType = sourcecode.swift; path = DateExtension.swift; sourceTree = "<group>"; };
		6EF4EBAA2B67BFEE009C6561 /* Movie.swift */ = {isa = PBXFileReference; lastKnownFileType = sourcecode.swift; path = Movie.swift; sourceTree = "<group>"; };
		6EF4EBAC2B67C083009C6561 /* MovieCell.swift */ = {isa = PBXFileReference; lastKnownFileType = sourcecode.swift; path = MovieCell.swift; sourceTree = "<group>"; };
		6EF4EBAE2B67D416009C6561 /* CategoryListView.swift */ = {isa = PBXFileReference; lastKnownFileType = sourcecode.swift; path = CategoryListView.swift; sourceTree = "<group>"; };
		6EF4EBB02B67DE7E009C6561 /* MovieDBFetcher.swift */ = {isa = PBXFileReference; lastKnownFileType = sourcecode.swift; path = MovieDBFetcher.swift; sourceTree = "<group>"; };
		6EF4EBB22B67EDB6009C6561 /* RestMovie.swift */ = {isa = PBXFileReference; lastKnownFileType = sourcecode.swift; path = RestMovie.swift; sourceTree = "<group>"; };
		6EF4EBB42B67EE59009C6561 /* RestPopularMoviesResult.swift */ = {isa = PBXFileReference; lastKnownFileType = sourcecode.swift; path = RestPopularMoviesResult.swift; sourceTree = "<group>"; };
		6EF4EBB62B67F031009C6561 /* MovieMapper.swift */ = {isa = PBXFileReference; lastKnownFileType = sourcecode.swift; path = MovieMapper.swift; sourceTree = "<group>"; };
		6EF4EBB82B6926B0009C6561 /* RatingView.swift */ = {isa = PBXFileReference; lastKnownFileType = sourcecode.swift; path = RatingView.swift; sourceTree = "<group>"; };
		6EF4EBBA2B69315A009C6561 /* MovieDetailView.swift */ = {isa = PBXFileReference; lastKnownFileType = sourcecode.swift; path = MovieDetailView.swift; sourceTree = "<group>"; };
		6EF4EBBE2B6A491C009C6561 /* GenrePill.swift */ = {isa = PBXFileReference; lastKnownFileType = sourcecode.swift; path = GenrePill.swift; sourceTree = "<group>"; };
		6EF4EBC02B6A4BE1009C6561 /* RestGenre.swift */ = {isa = PBXFileReference; lastKnownFileType = sourcecode.swift; path = RestGenre.swift; sourceTree = "<group>"; };
		6EF4EBC22B6A4C07009C6561 /* RestMovieDetails.swift */ = {isa = PBXFileReference; lastKnownFileType = sourcecode.swift; path = RestMovieDetails.swift; sourceTree = "<group>"; };
		6EF4EBC42B6A56D4009C6561 /* Actor.swift */ = {isa = PBXFileReference; lastKnownFileType = sourcecode.swift; path = Actor.swift; sourceTree = "<group>"; };
		6EF4EBC62B6A5794009C6561 /* ActorCell.swift */ = {isa = PBXFileReference; lastKnownFileType = sourcecode.swift; path = ActorCell.swift; sourceTree = "<group>"; };
		6EF4EBC82B6A593C009C6561 /* RestActor.swift */ = {isa = PBXFileReference; lastKnownFileType = sourcecode.swift; path = RestActor.swift; sourceTree = "<group>"; };
		6EF4EBCA2B6A596F009C6561 /* RestCredits.swift */ = {isa = PBXFileReference; lastKnownFileType = sourcecode.swift; path = RestCredits.swift; sourceTree = "<group>"; };
		6EF4EBCC2B6A5B79009C6561 /* ActorMapper.swift */ = {isa = PBXFileReference; lastKnownFileType = sourcecode.swift; path = ActorMapper.swift; sourceTree = "<group>"; };
		6EF4EBCE2B6A6DD3009C6561 /* MovieCover.swift */ = {isa = PBXFileReference; lastKnownFileType = sourcecode.swift; path = MovieCover.swift; sourceTree = "<group>"; };
		6EF4EBD02B6A75CE009C6561 /* CustomCircleButton.swift */ = {isa = PBXFileReference; lastKnownFileType = sourcecode.swift; path = CustomCircleButton.swift; sourceTree = "<group>"; };
		6EF4EBD22B6A7FA7009C6561 /* UserData.swift */ = {isa = PBXFileReference; lastKnownFileType = sourcecode.swift; path = UserData.swift; sourceTree = "<group>"; };
/* End PBXFileReference section */

/* Begin PBXFrameworksBuildPhase section */
		6EF4EB902B67B2F9009C6561 /* Frameworks */ = {
			isa = PBXFrameworksBuildPhase;
			buildActionMask = 2147483647;
			files = (
			);
			runOnlyForDeploymentPostprocessing = 0;
		};
/* End PBXFrameworksBuildPhase section */

/* Begin PBXGroup section */
		6EF4EB8A2B67B2F9009C6561 = {
			isa = PBXGroup;
			children = (
				6EF4EB952B67B2F9009C6561 /* SerieFlix */,
				6EF4EB942B67B2F9009C6561 /* Products */,
			);
			sourceTree = "<group>";
		};
		6EF4EB942B67B2F9009C6561 /* Products */ = {
			isa = PBXGroup;
			children = (
				6EF4EB932B67B2F9009C6561 /* SerieFlix.app */,
			);
			name = Products;
			sourceTree = "<group>";
		};
		6EF4EB952B67B2F9009C6561 /* SerieFlix */ = {
			isa = PBXGroup;
			children = (
				6EF4EB962B67B2F9009C6561 /* SerieFlixApp.swift */,
				6EF4EB982B67B2F9009C6561 /* ContentView.swift */,
				6EF4EBA42B67B36B009C6561 /* ColorExtension.swift */,
				6EF4EBA82B67B79E009C6561 /* DateExtension.swift */,
				6EF4EBAA2B67BFEE009C6561 /* Movie.swift */,
				6EF4EBAC2B67C083009C6561 /* MovieCell.swift */,
				6EF4EBB22B67EDB6009C6561 /* RestMovie.swift */,
				6EF4EBC02B6A4BE1009C6561 /* RestGenre.swift */,
				6EF4EBC22B6A4C07009C6561 /* RestMovieDetails.swift */,
				6EF4EBB62B67F031009C6561 /* MovieMapper.swift */,
				6EF4EBB42B67EE59009C6561 /* RestPopularMoviesResult.swift */,
				6EF4EBAE2B67D416009C6561 /* CategoryListView.swift */,
				6EF4EBBE2B6A491C009C6561 /* GenrePill.swift */,
				6EF4EBD02B6A75CE009C6561 /* CustomCircleButton.swift */,
				6EF4EBBA2B69315A009C6561 /* MovieDetailView.swift */,
				6EF4EBD22B6A7FA7009C6561 /* UserData.swift */,
				6EF4EBCE2B6A6DD3009C6561 /* MovieCover.swift */,
				6EF4EBB82B6926B0009C6561 /* RatingView.swift */,
				6EF4EBB02B67DE7E009C6561 /* MovieDBFetcher.swift */,
				6EF4EBC42B6A56D4009C6561 /* Actor.swift */,
				6EF4EBC62B6A5794009C6561 /* ActorCell.swift */,
				6EF4EBC82B6A593C009C6561 /* RestActor.swift */,
				6EF4EBCC2B6A5B79009C6561 /* ActorMapper.swift */,
				6EF4EBCA2B6A596F009C6561 /* RestCredits.swift */,
				6EF4EBA62B67B3B7009C6561 /* Color.xcassets */,
				6EF4EB9A2B67B2FB009C6561 /* Assets.xcassets */,
				6EF4EB9C2B67B2FB009C6561 /* Preview Content */,
			);
			path = SerieFlix;
			sourceTree = "<group>";
		};
		6EF4EB9C2B67B2FB009C6561 /* Preview Content */ = {
			isa = PBXGroup;
			children = (
				6EF4EB9D2B67B2FB009C6561 /* Preview Assets.xcassets */,
			);
			path = "Preview Content";
			sourceTree = "<group>";
		};
/* End PBXGroup section */

/* Begin PBXNativeTarget section */
		6EF4EB922B67B2F9009C6561 /* SerieFlix */ = {
			isa = PBXNativeTarget;
			buildConfigurationList = 6EF4EBA12B67B2FB009C6561 /* Build configuration list for PBXNativeTarget "SerieFlix" */;
			buildPhases = (
				6EF4EB8F2B67B2F9009C6561 /* Sources */,
				6EF4EB902B67B2F9009C6561 /* Frameworks */,
				6EF4EB912B67B2F9009C6561 /* Resources */,
			);
			buildRules = (
			);
			dependencies = (
			);
			name = SerieFlix;
			productName = SerieFlix;
			productReference = 6EF4EB932B67B2F9009C6561 /* SerieFlix.app */;
			productType = "com.apple.product-type.application";
		};
/* End PBXNativeTarget section */

/* Begin PBXProject section */
		6EF4EB8B2B67B2F9009C6561 /* Project object */ = {
			isa = PBXProject;
			attributes = {
				BuildIndependentTargetsInParallel = 1;
				LastSwiftUpdateCheck = 1520;
				LastUpgradeCheck = 1520;
				TargetAttributes = {
					6EF4EB922B67B2F9009C6561 = {
						CreatedOnToolsVersion = 15.2;
					};
				};
			};
			buildConfigurationList = 6EF4EB8E2B67B2F9009C6561 /* Build configuration list for PBXProject "SerieFlix" */;
			compatibilityVersion = "Xcode 14.0";
			developmentRegion = en;
			hasScannedForEncodings = 0;
			knownRegions = (
				en,
				Base,
			);
			mainGroup = 6EF4EB8A2B67B2F9009C6561;
			productRefGroup = 6EF4EB942B67B2F9009C6561 /* Products */;
			projectDirPath = "";
			projectRoot = "";
			targets = (
				6EF4EB922B67B2F9009C6561 /* SerieFlix */,
			);
		};
/* End PBXProject section */

/* Begin PBXResourcesBuildPhase section */
		6EF4EB912B67B2F9009C6561 /* Resources */ = {
			isa = PBXResourcesBuildPhase;
			buildActionMask = 2147483647;
			files = (
				6EF4EB9E2B67B2FB009C6561 /* Preview Assets.xcassets in Resources */,
				6EF4EB9B2B67B2FB009C6561 /* Assets.xcassets in Resources */,
				6EF4EBA72B67B3B7009C6561 /* Color.xcassets in Resources */,
			);
			runOnlyForDeploymentPostprocessing = 0;
		};
/* End PBXResourcesBuildPhase section */

/* Begin PBXSourcesBuildPhase section */
		6EF4EB8F2B67B2F9009C6561 /* Sources */ = {
			isa = PBXSourcesBuildPhase;
			buildActionMask = 2147483647;
			files = (
				6EF4EBC72B6A5794009C6561 /* ActorCell.swift in Sources */,
				6EF4EB992B67B2F9009C6561 /* ContentView.swift in Sources */,
				6EF4EBB72B67F031009C6561 /* MovieMapper.swift in Sources */,
				6EF4EBB52B67EE59009C6561 /* RestPopularMoviesResult.swift in Sources */,
				6EF4EBBF2B6A491C009C6561 /* GenrePill.swift in Sources */,
				6EF4EBCF2B6A6DD3009C6561 /* MovieCover.swift in Sources */,
				6EF4EBCB2B6A596F009C6561 /* RestCredits.swift in Sources */,
				6EF4EBB92B6926B0009C6561 /* RatingView.swift in Sources */,
				6EF4EBA92B67B79E009C6561 /* DateExtension.swift in Sources */,
				6EF4EBAD2B67C084009C6561 /* MovieCell.swift in Sources */,
				6EF4EB972B67B2F9009C6561 /* SerieFlixApp.swift in Sources */,
				6EF4EBBB2B69315A009C6561 /* MovieDetailView.swift in Sources */,
				6EF4EBD12B6A75CE009C6561 /* CustomCircleButton.swift in Sources */,
				6EF4EBC12B6A4BE1009C6561 /* RestGenre.swift in Sources */,
				6EF4EBA52B67B36B009C6561 /* ColorExtension.swift in Sources */,
				6EF4EBC32B6A4C07009C6561 /* RestMovieDetails.swift in Sources */,
				6EF4EBC92B6A593C009C6561 /* RestActor.swift in Sources */,
				6EF4EBAF2B67D416009C6561 /* CategoryListView.swift in Sources */,
				6EF4EBD32B6A7FA7009C6561 /* UserData.swift in Sources */,
				6EF4EBCD2B6A5B79009C6561 /* ActorMapper.swift in Sources */,
				6EF4EBB12B67DE7E009C6561 /* MovieDBFetcher.swift in Sources */,
				6EF4EBC52B6A56D4009C6561 /* Actor.swift in Sources */,
				6EF4EBAB2B67BFEE009C6561 /* Movie.swift in Sources */,
				6EF4EBB32B67EDB6009C6561 /* RestMovie.swift in Sources */,
			);
			runOnlyForDeploymentPostprocessing = 0;
		};
/* End PBXSourcesBuildPhase section */

/* Begin XCBuildConfiguration section */
		6EF4EB9F2B67B2FB009C6561 /* Debug */ = {
			isa = XCBuildConfiguration;
			buildSettings = {
				ALWAYS_SEARCH_USER_PATHS = NO;
				ASSETCATALOG_COMPILER_GENERATE_SWIFT_ASSET_SYMBOL_EXTENSIONS = YES;
				CLANG_ANALYZER_NONNULL = YES;
				CLANG_ANALYZER_NUMBER_OBJECT_CONVERSION = YES_AGGRESSIVE;
				CLANG_CXX_LANGUAGE_STANDARD = "gnu++20";
				CLANG_ENABLE_MODULES = YES;
				CLANG_ENABLE_OBJC_ARC = YES;
				CLANG_ENABLE_OBJC_WEAK = YES;
				CLANG_WARN_BLOCK_CAPTURE_AUTORELEASING = YES;
				CLANG_WARN_BOOL_CONVERSION = YES;
				CLANG_WARN_COMMA = YES;
				CLANG_WARN_CONSTANT_CONVERSION = YES;
				CLANG_WARN_DEPRECATED_OBJC_IMPLEMENTATIONS = YES;
				CLANG_WARN_DIRECT_OBJC_ISA_USAGE = YES_ERROR;
				CLANG_WARN_DOCUMENTATION_COMMENTS = YES;
				CLANG_WARN_EMPTY_BODY = YES;
				CLANG_WARN_ENUM_CONVERSION = YES;
				CLANG_WARN_INFINITE_RECURSION = YES;
				CLANG_WARN_INT_CONVERSION = YES;
				CLANG_WARN_NON_LITERAL_NULL_CONVERSION = YES;
				CLANG_WARN_OBJC_IMPLICIT_RETAIN_SELF = YES;
				CLANG_WARN_OBJC_LITERAL_CONVERSION = YES;
				CLANG_WARN_OBJC_ROOT_CLASS = YES_ERROR;
				CLANG_WARN_QUOTED_INCLUDE_IN_FRAMEWORK_HEADER = YES;
				CLANG_WARN_RANGE_LOOP_ANALYSIS = YES;
				CLANG_WARN_STRICT_PROTOTYPES = YES;
				CLANG_WARN_SUSPICIOUS_MOVE = YES;
				CLANG_WARN_UNGUARDED_AVAILABILITY = YES_AGGRESSIVE;
				CLANG_WARN_UNREACHABLE_CODE = YES;
				CLANG_WARN__DUPLICATE_METHOD_MATCH = YES;
				COPY_PHASE_STRIP = NO;
				DEBUG_INFORMATION_FORMAT = dwarf;
				ENABLE_STRICT_OBJC_MSGSEND = YES;
				ENABLE_TESTABILITY = YES;
				ENABLE_USER_SCRIPT_SANDBOXING = YES;
				GCC_C_LANGUAGE_STANDARD = gnu17;
				GCC_DYNAMIC_NO_PIC = NO;
				GCC_NO_COMMON_BLOCKS = YES;
				GCC_OPTIMIZATION_LEVEL = 0;
				GCC_PREPROCESSOR_DEFINITIONS = (
					"DEBUG=1",
					"$(inherited)",
				);
				GCC_WARN_64_TO_32_BIT_CONVERSION = YES;
				GCC_WARN_ABOUT_RETURN_TYPE = YES_ERROR;
				GCC_WARN_UNDECLARED_SELECTOR = YES;
				GCC_WARN_UNINITIALIZED_AUTOS = YES_AGGRESSIVE;
				GCC_WARN_UNUSED_FUNCTION = YES;
				GCC_WARN_UNUSED_VARIABLE = YES;
				IPHONEOS_DEPLOYMENT_TARGET = 17.2;
				LOCALIZATION_PREFERS_STRING_CATALOGS = YES;
				MTL_ENABLE_DEBUG_INFO = INCLUDE_SOURCE;
				MTL_FAST_MATH = YES;
				ONLY_ACTIVE_ARCH = YES;
				SDKROOT = iphoneos;
				SWIFT_ACTIVE_COMPILATION_CONDITIONS = "DEBUG $(inherited)";
				SWIFT_OPTIMIZATION_LEVEL = "-Onone";
			};
			name = Debug;
		};
		6EF4EBA02B67B2FB009C6561 /* Release */ = {
			isa = XCBuildConfiguration;
			buildSettings = {
				ALWAYS_SEARCH_USER_PATHS = NO;
				ASSETCATALOG_COMPILER_GENERATE_SWIFT_ASSET_SYMBOL_EXTENSIONS = YES;
				CLANG_ANALYZER_NONNULL = YES;
				CLANG_ANALYZER_NUMBER_OBJECT_CONVERSION = YES_AGGRESSIVE;
				CLANG_CXX_LANGUAGE_STANDARD = "gnu++20";
				CLANG_ENABLE_MODULES = YES;
				CLANG_ENABLE_OBJC_ARC = YES;
				CLANG_ENABLE_OBJC_WEAK = YES;
				CLANG_WARN_BLOCK_CAPTURE_AUTORELEASING = YES;
				CLANG_WARN_BOOL_CONVERSION = YES;
				CLANG_WARN_COMMA = YES;
				CLANG_WARN_CONSTANT_CONVERSION = YES;
				CLANG_WARN_DEPRECATED_OBJC_IMPLEMENTATIONS = YES;
				CLANG_WARN_DIRECT_OBJC_ISA_USAGE = YES_ERROR;
				CLANG_WARN_DOCUMENTATION_COMMENTS = YES;
				CLANG_WARN_EMPTY_BODY = YES;
				CLANG_WARN_ENUM_CONVERSION = YES;
				CLANG_WARN_INFINITE_RECURSION = YES;
				CLANG_WARN_INT_CONVERSION = YES;
				CLANG_WARN_NON_LITERAL_NULL_CONVERSION = YES;
				CLANG_WARN_OBJC_IMPLICIT_RETAIN_SELF = YES;
				CLANG_WARN_OBJC_LITERAL_CONVERSION = YES;
				CLANG_WARN_OBJC_ROOT_CLASS = YES_ERROR;
				CLANG_WARN_QUOTED_INCLUDE_IN_FRAMEWORK_HEADER = YES;
				CLANG_WARN_RANGE_LOOP_ANALYSIS = YES;
				CLANG_WARN_STRICT_PROTOTYPES = YES;
				CLANG_WARN_SUSPICIOUS_MOVE = YES;
				CLANG_WARN_UNGUARDED_AVAILABILITY = YES_AGGRESSIVE;
				CLANG_WARN_UNREACHABLE_CODE = YES;
				CLANG_WARN__DUPLICATE_METHOD_MATCH = YES;
				COPY_PHASE_STRIP = NO;
				DEBUG_INFORMATION_FORMAT = "dwarf-with-dsym";
				ENABLE_NS_ASSERTIONS = NO;
				ENABLE_STRICT_OBJC_MSGSEND = YES;
				ENABLE_USER_SCRIPT_SANDBOXING = YES;
				GCC_C_LANGUAGE_STANDARD = gnu17;
				GCC_NO_COMMON_BLOCKS = YES;
				GCC_WARN_64_TO_32_BIT_CONVERSION = YES;
				GCC_WARN_ABOUT_RETURN_TYPE = YES_ERROR;
				GCC_WARN_UNDECLARED_SELECTOR = YES;
				GCC_WARN_UNINITIALIZED_AUTOS = YES_AGGRESSIVE;
				GCC_WARN_UNUSED_FUNCTION = YES;
				GCC_WARN_UNUSED_VARIABLE = YES;
				IPHONEOS_DEPLOYMENT_TARGET = 17.2;
				LOCALIZATION_PREFERS_STRING_CATALOGS = YES;
				MTL_ENABLE_DEBUG_INFO = NO;
				MTL_FAST_MATH = YES;
				SDKROOT = iphoneos;
				SWIFT_COMPILATION_MODE = wholemodule;
				VALIDATE_PRODUCT = YES;
			};
			name = Release;
		};
		6EF4EBA22B67B2FB009C6561 /* Debug */ = {
			isa = XCBuildConfiguration;
			buildSettings = {
				ASSETCATALOG_COMPILER_APPICON_NAME = AppIcon;
				ASSETCATALOG_COMPILER_GLOBAL_ACCENT_COLOR_NAME = AccentColor;
				CODE_SIGN_STYLE = Automatic;
				CURRENT_PROJECT_VERSION = 1;
				DEVELOPMENT_ASSET_PATHS = "\"SerieFlix/Preview Content\"";
				DEVELOPMENT_TEAM = NH322A5M6D;
				ENABLE_PREVIEWS = YES;
				GENERATE_INFOPLIST_FILE = YES;
				INFOPLIST_KEY_UIApplicationSceneManifest_Generation = YES;
				INFOPLIST_KEY_UIApplicationSupportsIndirectInputEvents = YES;
				INFOPLIST_KEY_UILaunchScreen_Generation = YES;
				INFOPLIST_KEY_UISupportedInterfaceOrientations_iPad = "UIInterfaceOrientationPortrait UIInterfaceOrientationPortraitUpsideDown UIInterfaceOrientationLandscapeLeft UIInterfaceOrientationLandscapeRight";
				INFOPLIST_KEY_UISupportedInterfaceOrientations_iPhone = "UIInterfaceOrientationPortrait UIInterfaceOrientationLandscapeLeft UIInterfaceOrientationLandscapeRight";
				LD_RUNPATH_SEARCH_PATHS = (
					"$(inherited)",
					"@executable_path/Frameworks",
				);
				MARKETING_VERSION = 1.0;
				PRODUCT_BUNDLE_IDENTIFIER = com.LorenzoM.SerieFlix;
				PRODUCT_NAME = "$(TARGET_NAME)";
				SWIFT_EMIT_LOC_STRINGS = YES;
				SWIFT_VERSION = 5.0;
				TARGETED_DEVICE_FAMILY = "1,2";
			};
			name = Debug;
		};
		6EF4EBA32B67B2FB009C6561 /* Release */ = {
			isa = XCBuildConfiguration;
			buildSettings = {
				ASSETCATALOG_COMPILER_APPICON_NAME = AppIcon;
				ASSETCATALOG_COMPILER_GLOBAL_ACCENT_COLOR_NAME = AccentColor;
				CODE_SIGN_STYLE = Automatic;
				CURRENT_PROJECT_VERSION = 1;
				DEVELOPMENT_ASSET_PATHS = "\"SerieFlix/Preview Content\"";
				DEVELOPMENT_TEAM = NH322A5M6D;
				ENABLE_PREVIEWS = YES;
				GENERATE_INFOPLIST_FILE = YES;
				INFOPLIST_KEY_UIApplicationSceneManifest_Generation = YES;
				INFOPLIST_KEY_UIApplicationSupportsIndirectInputEvents = YES;
				INFOPLIST_KEY_UILaunchScreen_Generation = YES;
				INFOPLIST_KEY_UISupportedInterfaceOrientations_iPad = "UIInterfaceOrientationPortrait UIInterfaceOrientationPortraitUpsideDown UIInterfaceOrientationLandscapeLeft UIInterfaceOrientationLandscapeRight";
				INFOPLIST_KEY_UISupportedInterfaceOrientations_iPhone = "UIInterfaceOrientationPortrait UIInterfaceOrientationLandscapeLeft UIInterfaceOrientationLandscapeRight";
				LD_RUNPATH_SEARCH_PATHS = (
					"$(inherited)",
					"@executable_path/Frameworks",
				);
				MARKETING_VERSION = 1.0;
				PRODUCT_BUNDLE_IDENTIFIER = com.LorenzoM.SerieFlix;
				PRODUCT_NAME = "$(TARGET_NAME)";
				SWIFT_EMIT_LOC_STRINGS = YES;
				SWIFT_VERSION = 5.0;
				TARGETED_DEVICE_FAMILY = "1,2";
			};
			name = Release;
		};
/* End XCBuildConfiguration section */

/* Begin XCConfigurationList section */
		6EF4EB8E2B67B2F9009C6561 /* Build configuration list for PBXProject "SerieFlix" */ = {
			isa = XCConfigurationList;
			buildConfigurations = (
				6EF4EB9F2B67B2FB009C6561 /* Debug */,
				6EF4EBA02B67B2FB009C6561 /* Release */,
			);
			defaultConfigurationIsVisible = 0;
			defaultConfigurationName = Release;
		};
		6EF4EBA12B67B2FB009C6561 /* Build configuration list for PBXNativeTarget "SerieFlix" */ = {
			isa = XCConfigurationList;
			buildConfigurations = (
				6EF4EBA22B67B2FB009C6561 /* Debug */,
				6EF4EBA32B67B2FB009C6561 /* Release */,
			);
			defaultConfigurationIsVisible = 0;
			defaultConfigurationName = Release;
		};
/* End XCConfigurationList section */
	};
	rootObject = 6EF4EB8B2B67B2F9009C6561 /* Project object */;
}
